github.com/davecgh/go-spew v1.1.1 h1:vj9j/u1bqnvCEfJOwUhtlOARqs3+rkHYY13jYWTU97c=
github.com/davecgh/go-spew v1.1.1/go.mod h1:J7Y8YcW2NihsgmVo/mv3lAwl/skON4iLHjSsI+c5H38=
github.com/go-sql-driver/mysql v1.7.1 h1:lUIinVbN1DY0xBg0eMOzmmtGoHwWBbvnWubQUrtU8EI=
github.com/go-sql-driver/mysql v1.7.1/go.mod h1:OXbVy3sEdcQ2Doequ6Z5BW6fXNQTmx+9S1MCJN5yJMI=
github.com/hexon/mysqltsv v0.1.0 h1:48wYQlsPH8ZEkKAVCdsOYzMYAlEoevw8ZWD8rqYPdlg=
github.com/hexon/mysqltsv v0.1.0/go.mod h1:p3vPBkpxebjHWF1bWKYNcXx5pFu+yAG89QZQEKSvVrY=
